// !$*UTF8*$!
{
	archiveVersion = 1;
	classes = {
	};
	objectVersion = 55;
	objects = {

/* Begin PBXBuildFile section */
		FC0E1EE027C155B300A2EC79 /* GoogleSignIn in Frameworks */ = {isa = PBXBuildFile; productRef = FC0E1EDF27C155B300A2EC79 /* GoogleSignIn */; };
		FC11AF28275BC33600B4C0D2 /* QuizBoxApp.swift in Sources */ = {isa = PBXBuildFile; fileRef = FC11AF18275BC33500B4C0D2 /* QuizBoxApp.swift */; };
		FC11AF29275BC33600B4C0D2 /* QuizBoxApp.swift in Sources */ = {isa = PBXBuildFile; fileRef = FC11AF18275BC33500B4C0D2 /* QuizBoxApp.swift */; };
		FC11AF2A275BC33600B4C0D2 /* mainQuizMaster.swift in Sources */ = {isa = PBXBuildFile; fileRef = FC11AF19275BC33500B4C0D2 /* mainQuizMaster.swift */; };
		FC11AF2B275BC33600B4C0D2 /* mainQuizMaster.swift in Sources */ = {isa = PBXBuildFile; fileRef = FC11AF19275BC33500B4C0D2 /* mainQuizMaster.swift */; };
		FC11AF2C275BC33600B4C0D2 /* Assets.xcassets in Resources */ = {isa = PBXBuildFile; fileRef = FC11AF1A275BC33600B4C0D2 /* Assets.xcassets */; };
		FC11AF2D275BC33600B4C0D2 /* Assets.xcassets in Resources */ = {isa = PBXBuildFile; fileRef = FC11AF1A275BC33600B4C0D2 /* Assets.xcassets */; };
		FC1398F127B8169100CB0489 /* TeamData.swift in Sources */ = {isa = PBXBuildFile; fileRef = FC1398F027B8169100CB0489 /* TeamData.swift */; };
		FC1398F227B8169100CB0489 /* TeamData.swift in Sources */ = {isa = PBXBuildFile; fileRef = FC1398F027B8169100CB0489 /* TeamData.swift */; };
		FC16C75527946DFC005A68DB /* quizStuff_decleration.swift in Sources */ = {isa = PBXBuildFile; fileRef = FC16C75427946DFC005A68DB /* quizStuff_decleration.swift */; };
		FC16C75627946DFC005A68DB /* quizStuff_decleration.swift in Sources */ = {isa = PBXBuildFile; fileRef = FC16C75427946DFC005A68DB /* quizStuff_decleration.swift */; };
		FC32882E27719F8C00DB6034 /* OnboardingView.swift in Sources */ = {isa = PBXBuildFile; fileRef = FC32882D27719F8C00DB6034 /* OnboardingView.swift */; };
		FC8FCBAD27727131007E3BC9 /* TextView.swift in Sources */ = {isa = PBXBuildFile; fileRef = FC8FCBAC27727131007E3BC9 /* TextView.swift */; };
		FC8FCBAE27727131007E3BC9 /* TextView.swift in Sources */ = {isa = PBXBuildFile; fileRef = FC8FCBAC27727131007E3BC9 /* TextView.swift */; };
		FCAC22702795F0CE002C8487 /* teamSetup.swift in Sources */ = {isa = PBXBuildFile; fileRef = FCAC226F2795F0CE002C8487 /* teamSetup.swift */; };
		FCAC22712795F0CE002C8487 /* teamSetup.swift in Sources */ = {isa = PBXBuildFile; fileRef = FCAC226F2795F0CE002C8487 /* teamSetup.swift */; };
		FCD2976D2771AD62007D9758 /* setupBoxView.swift in Sources */ = {isa = PBXBuildFile; fileRef = FCD2976C2771AD62007D9758 /* setupBoxView.swift */; };
		FCD2976E2771AD62007D9758 /* setupBoxView.swift in Sources */ = {isa = PBXBuildFile; fileRef = FCD2976C2771AD62007D9758 /* setupBoxView.swift */; };
		FCD29770277254FE007D9758 /* connectBoxView.swift in Sources */ = {isa = PBXBuildFile; fileRef = FCD2976F277254FE007D9758 /* connectBoxView.swift */; };
		FCD29771277254FE007D9758 /* connectBoxView.swift in Sources */ = {isa = PBXBuildFile; fileRef = FCD2976F277254FE007D9758 /* connectBoxView.swift */; };
		FCD2977327725AD7007D9758 /* AlertView.swift in Sources */ = {isa = PBXBuildFile; fileRef = FCD2977227725AD7007D9758 /* AlertView.swift */; };
		FCD2977427725AD7007D9758 /* AlertView.swift in Sources */ = {isa = PBXBuildFile; fileRef = FCD2977227725AD7007D9758 /* AlertView.swift */; };
/* End PBXBuildFile section */

/* Begin PBXFileReference section */
		FC0E1EE127C1632E00A2EC79 /* QuizBox--iOS--Info.plist */ = {isa = PBXFileReference; lastKnownFileType = text.plist; path = "QuizBox--iOS--Info.plist"; sourceTree = "<group>"; };
		FC11AF18275BC33500B4C0D2 /* QuizBoxApp.swift */ = {isa = PBXFileReference; lastKnownFileType = sourcecode.swift; path = QuizBoxApp.swift; sourceTree = "<group>"; };
		FC11AF19275BC33500B4C0D2 /* mainQuizMaster.swift */ = {isa = PBXFileReference; lastKnownFileType = sourcecode.swift; path = mainQuizMaster.swift; sourceTree = "<group>"; };
		FC11AF1A275BC33600B4C0D2 /* Assets.xcassets */ = {isa = PBXFileReference; lastKnownFileType = folder.assetcatalog; path = Assets.xcassets; sourceTree = "<group>"; };
		FC11AF1F275BC33600B4C0D2 /* QuizBox.app */ = {isa = PBXFileReference; explicitFileType = wrapper.application; includeInIndex = 0; path = QuizBox.app; sourceTree = BUILT_PRODUCTS_DIR; };
		FC11AF25275BC33600B4C0D2 /* QuizBox.app */ = {isa = PBXFileReference; explicitFileType = wrapper.application; includeInIndex = 0; path = QuizBox.app; sourceTree = BUILT_PRODUCTS_DIR; };
		FC11AF27275BC33600B4C0D2 /* macOS.entitlements */ = {isa = PBXFileReference; lastKnownFileType = text.plist.entitlements; path = macOS.entitlements; sourceTree = "<group>"; };
		FC1398F027B8169100CB0489 /* TeamData.swift */ = {isa = PBXFileReference; lastKnownFileType = sourcecode.swift; path = TeamData.swift; sourceTree = "<group>"; };
		FC16C75427946DFC005A68DB /* quizStuff_decleration.swift */ = {isa = PBXFileReference; lastKnownFileType = sourcecode.swift; path = quizStuff_decleration.swift; sourceTree = "<group>"; };
		FC32882D27719F8C00DB6034 /* OnboardingView.swift */ = {isa = PBXFileReference; lastKnownFileType = sourcecode.swift; path = OnboardingView.swift; sourceTree = "<group>"; };
		FC8FCBAC27727131007E3BC9 /* TextView.swift */ = {isa = PBXFileReference; lastKnownFileType = sourcecode.swift; path = TextView.swift; sourceTree = "<group>"; };
		FCAC226F2795F0CE002C8487 /* teamSetup.swift */ = {isa = PBXFileReference; lastKnownFileType = sourcecode.swift; path = teamSetup.swift; sourceTree = "<group>"; };
		FCD2976C2771AD62007D9758 /* setupBoxView.swift */ = {isa = PBXFileReference; lastKnownFileType = sourcecode.swift; path = setupBoxView.swift; sourceTree = "<group>"; };
		FCD2976F277254FE007D9758 /* connectBoxView.swift */ = {isa = PBXFileReference; lastKnownFileType = sourcecode.swift; path = connectBoxView.swift; sourceTree = "<group>"; };
		FCD2977227725AD7007D9758 /* AlertView.swift */ = {isa = PBXFileReference; lastKnownFileType = sourcecode.swift; path = AlertView.swift; sourceTree = "<group>"; };
/* End PBXFileReference section */

/* Begin PBXFrameworksBuildPhase section */
		FC11AF1C275BC33600B4C0D2 /* Frameworks */ = {
			isa = PBXFrameworksBuildPhase;
			buildActionMask = 2147483647;
			files = (
				FC0E1EE027C155B300A2EC79 /* GoogleSignIn in Frameworks */,
			);
			runOnlyForDeploymentPostprocessing = 0;
		};
		FC11AF22275BC33600B4C0D2 /* Frameworks */ = {
			isa = PBXFrameworksBuildPhase;
			buildActionMask = 2147483647;
			files = (
			);
			runOnlyForDeploymentPostprocessing = 0;
		};
/* End PBXFrameworksBuildPhase section */

/* Begin PBXGroup section */
		FC11AF12275BC33500B4C0D2 = {
			isa = PBXGroup;
			children = (
				FC0E1EE127C1632E00A2EC79 /* QuizBox--iOS--Info.plist */,
				FC11AF17275BC33500B4C0D2 /* Shared */,
				FC11AF26275BC33600B4C0D2 /* macOS */,
				FC11AF20275BC33600B4C0D2 /* Products */,
			);
			sourceTree = "<group>";
		};
		FC11AF17275BC33500B4C0D2 /* Shared */ = {
			isa = PBXGroup;
			children = (
				FC11AF18275BC33500B4C0D2 /* QuizBoxApp.swift */,
				FC11AF19275BC33500B4C0D2 /* mainQuizMaster.swift */,
				FCAC226F2795F0CE002C8487 /* teamSetup.swift */,
				FC1398F027B8169100CB0489 /* TeamData.swift */,
				FCD2976C2771AD62007D9758 /* setupBoxView.swift */,
				FCD2976F277254FE007D9758 /* connectBoxView.swift */,
				FC32882D27719F8C00DB6034 /* OnboardingView.swift */,
				FCD2977227725AD7007D9758 /* AlertView.swift */,
				FC16C75427946DFC005A68DB /* quizStuff_decleration.swift */,
				FC8FCBAC27727131007E3BC9 /* TextView.swift */,
				FC11AF1A275BC33600B4C0D2 /* Assets.xcassets */,
			);
			path = Shared;
			sourceTree = "<group>";
		};
		FC11AF20275BC33600B4C0D2 /* Products */ = {
			isa = PBXGroup;
			children = (
				FC11AF1F275BC33600B4C0D2 /* QuizBox.app */,
				FC11AF25275BC33600B4C0D2 /* QuizBox.app */,
			);
			name = Products;
			sourceTree = "<group>";
		};
		FC11AF26275BC33600B4C0D2 /* macOS */ = {
			isa = PBXGroup;
			children = (
				FC11AF27275BC33600B4C0D2 /* macOS.entitlements */,
			);
			path = macOS;
			sourceTree = "<group>";
		};
/* End PBXGroup section */

/* Begin PBXNativeTarget section */
		FC11AF1E275BC33600B4C0D2 /* QuizBox (iOS) */ = {
			isa = PBXNativeTarget;
			buildConfigurationList = FC11AF30275BC33600B4C0D2 /* Build configuration list for PBXNativeTarget "QuizBox (iOS)" */;
			buildPhases = (
				FC11AF1B275BC33600B4C0D2 /* Sources */,
				FC11AF1C275BC33600B4C0D2 /* Frameworks */,
				FC11AF1D275BC33600B4C0D2 /* Resources */,
			);
			buildRules = (
			);
			dependencies = (
			);
			name = "QuizBox (iOS)";
			packageProductDependencies = (
				FC0E1EDF27C155B300A2EC79 /* GoogleSignIn */,
			);
			productName = "QuizBox (iOS)";
			productReference = FC11AF1F275BC33600B4C0D2 /* QuizBox.app */;
			productType = "com.apple.product-type.application";
		};
		FC11AF24275BC33600B4C0D2 /* QuizBox (macOS) */ = {
			isa = PBXNativeTarget;
			buildConfigurationList = FC11AF33275BC33600B4C0D2 /* Build configuration list for PBXNativeTarget "QuizBox (macOS)" */;
			buildPhases = (
				FC11AF21275BC33600B4C0D2 /* Sources */,
				FC11AF22275BC33600B4C0D2 /* Frameworks */,
				FC11AF23275BC33600B4C0D2 /* Resources */,
			);
			buildRules = (
			);
			dependencies = (
			);
			name = "QuizBox (macOS)";
			productName = "QuizBox (macOS)";
			productReference = FC11AF25275BC33600B4C0D2 /* QuizBox.app */;
			productType = "com.apple.product-type.application";
		};
/* End PBXNativeTarget section */

/* Begin PBXProject section */
		FC11AF13275BC33500B4C0D2 /* Project object */ = {
			isa = PBXProject;
			attributes = {
				BuildIndependentTargetsInParallel = 1;
				LastSwiftUpdateCheck = 1310;
				LastUpgradeCheck = 1310;
				TargetAttributes = {
					FC11AF1E275BC33600B4C0D2 = {
						CreatedOnToolsVersion = 13.1;
					};
					FC11AF24275BC33600B4C0D2 = {
						CreatedOnToolsVersion = 13.1;
					};
				};
			};
			buildConfigurationList = FC11AF16275BC33500B4C0D2 /* Build configuration list for PBXProject "QuizBox" */;
			compatibilityVersion = "Xcode 13.0";
			developmentRegion = en;
			hasScannedForEncodings = 0;
			knownRegions = (
				en,
				Base,
			);
			mainGroup = FC11AF12275BC33500B4C0D2;
			packageReferences = (
				FC0E1EDE27C155B300A2EC79 /* XCRemoteSwiftPackageReference "GoogleSignIn-iOS" */,
			);
			productRefGroup = FC11AF20275BC33600B4C0D2 /* Products */;
			projectDirPath = "";
			projectRoot = "";
			targets = (
				FC11AF1E275BC33600B4C0D2 /* QuizBox (iOS) */,
				FC11AF24275BC33600B4C0D2 /* QuizBox (macOS) */,
			);
		};
/* End PBXProject section */

/* Begin PBXResourcesBuildPhase section */
		FC11AF1D275BC33600B4C0D2 /* Resources */ = {
			isa = PBXResourcesBuildPhase;
			buildActionMask = 2147483647;
			files = (
				FC11AF2C275BC33600B4C0D2 /* Assets.xcassets in Resources */,
			);
			runOnlyForDeploymentPostprocessing = 0;
		};
		FC11AF23275BC33600B4C0D2 /* Resources */ = {
			isa = PBXResourcesBuildPhase;
			buildActionMask = 2147483647;
			files = (
				FC11AF2D275BC33600B4C0D2 /* Assets.xcassets in Resources */,
			);
			runOnlyForDeploymentPostprocessing = 0;
		};
/* End PBXResourcesBuildPhase section */

/* Begin PBXSourcesBuildPhase section */
		FC11AF1B275BC33600B4C0D2 /* Sources */ = {
			isa = PBXSourcesBuildPhase;
			buildActionMask = 2147483647;
			files = (
				FC32882E27719F8C00DB6034 /* OnboardingView.swift in Sources */,
				FCD29770277254FE007D9758 /* connectBoxView.swift in Sources */,
				FCD2976D2771AD62007D9758 /* setupBoxView.swift in Sources */,
				FC11AF2A275BC33600B4C0D2 /* mainQuizMaster.swift in Sources */,
				FC8FCBAD27727131007E3BC9 /* TextView.swift in Sources */,
				FCAC22702795F0CE002C8487 /* teamSetup.swift in Sources */,
				FC16C75527946DFC005A68DB /* quizStuff_decleration.swift in Sources */,
				FC11AF28275BC33600B4C0D2 /* QuizBoxApp.swift in Sources */,
				FC1398F127B8169100CB0489 /* TeamData.swift in Sources */,
				FCD2977327725AD7007D9758 /* AlertView.swift in Sources */,
			);
			runOnlyForDeploymentPostprocessing = 0;
		};
		FC11AF21275BC33600B4C0D2 /* Sources */ = {
			isa = PBXSourcesBuildPhase;
			buildActionMask = 2147483647;
			files = (
				FC16C75627946DFC005A68DB /* quizStuff_decleration.swift in Sources */,
				FCD2977427725AD7007D9758 /* AlertView.swift in Sources */,
				FC8FCBAE27727131007E3BC9 /* TextView.swift in Sources */,
				FC11AF2B275BC33600B4C0D2 /* mainQuizMaster.swift in Sources */,
				FC1398F227B8169100CB0489 /* TeamData.swift in Sources */,
				FCAC22712795F0CE002C8487 /* teamSetup.swift in Sources */,
				FCD29771277254FE007D9758 /* connectBoxView.swift in Sources */,
				FC11AF29275BC33600B4C0D2 /* QuizBoxApp.swift in Sources */,
				FCD2976E2771AD62007D9758 /* setupBoxView.swift in Sources */,
			);
			runOnlyForDeploymentPostprocessing = 0;
		};
/* End PBXSourcesBuildPhase section */

/* Begin XCBuildConfiguration section */
		FC11AF2E275BC33600B4C0D2 /* Debug */ = {
			isa = XCBuildConfiguration;
			buildSettings = {
				ALWAYS_SEARCH_USER_PATHS = NO;
				CLANG_ANALYZER_NONNULL = YES;
				CLANG_ANALYZER_NUMBER_OBJECT_CONVERSION = YES_AGGRESSIVE;
				CLANG_CXX_LANGUAGE_STANDARD = "gnu++17";
				CLANG_CXX_LIBRARY = "libc++";
				CLANG_ENABLE_MODULES = YES;
				CLANG_ENABLE_OBJC_ARC = YES;
				CLANG_ENABLE_OBJC_WEAK = YES;
				CLANG_WARN_BLOCK_CAPTURE_AUTORELEASING = YES;
				CLANG_WARN_BOOL_CONVERSION = YES;
				CLANG_WARN_COMMA = YES;
				CLANG_WARN_CONSTANT_CONVERSION = YES;
				CLANG_WARN_DEPRECATED_OBJC_IMPLEMENTATIONS = YES;
				CLANG_WARN_DIRECT_OBJC_ISA_USAGE = YES_ERROR;
				CLANG_WARN_DOCUMENTATION_COMMENTS = YES;
				CLANG_WARN_EMPTY_BODY = YES;
				CLANG_WARN_ENUM_CONVERSION = YES;
				CLANG_WARN_INFINITE_RECURSION = YES;
				CLANG_WARN_INT_CONVERSION = YES;
				CLANG_WARN_NON_LITERAL_NULL_CONVERSION = YES;
				CLANG_WARN_OBJC_IMPLICIT_RETAIN_SELF = YES;
				CLANG_WARN_OBJC_LITERAL_CONVERSION = YES;
				CLANG_WARN_OBJC_ROOT_CLASS = YES_ERROR;
				CLANG_WARN_QUOTED_INCLUDE_IN_FRAMEWORK_HEADER = YES;
				CLANG_WARN_RANGE_LOOP_ANALYSIS = YES;
				CLANG_WARN_STRICT_PROTOTYPES = YES;
				CLANG_WARN_SUSPICIOUS_MOVE = YES;
				CLANG_WARN_UNGUARDED_AVAILABILITY = YES_AGGRESSIVE;
				CLANG_WARN_UNREACHABLE_CODE = YES;
				CLANG_WARN__DUPLICATE_METHOD_MATCH = YES;
				COPY_PHASE_STRIP = NO;
				DEBUG_INFORMATION_FORMAT = dwarf;
				ENABLE_STRICT_OBJC_MSGSEND = YES;
				ENABLE_TESTABILITY = YES;
				GCC_C_LANGUAGE_STANDARD = gnu11;
				GCC_DYNAMIC_NO_PIC = NO;
				GCC_NO_COMMON_BLOCKS = YES;
				GCC_OPTIMIZATION_LEVEL = 0;
				GCC_PREPROCESSOR_DEFINITIONS = (
					"DEBUG=1",
					"$(inherited)",
				);
				GCC_WARN_64_TO_32_BIT_CONVERSION = YES;
				GCC_WARN_ABOUT_RETURN_TYPE = YES_ERROR;
				GCC_WARN_UNDECLARED_SELECTOR = YES;
				GCC_WARN_UNINITIALIZED_AUTOS = YES_AGGRESSIVE;
				GCC_WARN_UNUSED_FUNCTION = YES;
				GCC_WARN_UNUSED_VARIABLE = YES;
				MTL_ENABLE_DEBUG_INFO = INCLUDE_SOURCE;
				MTL_FAST_MATH = YES;
				ONLY_ACTIVE_ARCH = YES;
				SWIFT_ACTIVE_COMPILATION_CONDITIONS = DEBUG;
				SWIFT_OPTIMIZATION_LEVEL = "-Onone";
			};
			name = Debug;
		};
		FC11AF2F275BC33600B4C0D2 /* Release */ = {
			isa = XCBuildConfiguration;
			buildSettings = {
				ALWAYS_SEARCH_USER_PATHS = NO;
				CLANG_ANALYZER_NONNULL = YES;
				CLANG_ANALYZER_NUMBER_OBJECT_CONVERSION = YES_AGGRESSIVE;
				CLANG_CXX_LANGUAGE_STANDARD = "gnu++17";
				CLANG_CXX_LIBRARY = "libc++";
				CLANG_ENABLE_MODULES = YES;
				CLANG_ENABLE_OBJC_ARC = YES;
				CLANG_ENABLE_OBJC_WEAK = YES;
				CLANG_WARN_BLOCK_CAPTURE_AUTORELEASING = YES;
				CLANG_WARN_BOOL_CONVERSION = YES;
				CLANG_WARN_COMMA = YES;
				CLANG_WARN_CONSTANT_CONVERSION = YES;
				CLANG_WARN_DEPRECATED_OBJC_IMPLEMENTATIONS = YES;
				CLANG_WARN_DIRECT_OBJC_ISA_USAGE = YES_ERROR;
				CLANG_WARN_DOCUMENTATION_COMMENTS = YES;
				CLANG_WARN_EMPTY_BODY = YES;
				CLANG_WARN_ENUM_CONVERSION = YES;
				CLANG_WARN_INFINITE_RECURSION = YES;
				CLANG_WARN_INT_CONVERSION = YES;
				CLANG_WARN_NON_LITERAL_NULL_CONVERSION = YES;
				CLANG_WARN_OBJC_IMPLICIT_RETAIN_SELF = YES;
				CLANG_WARN_OBJC_LITERAL_CONVERSION = YES;
				CLANG_WARN_OBJC_ROOT_CLASS = YES_ERROR;
				CLANG_WARN_QUOTED_INCLUDE_IN_FRAMEWORK_HEADER = YES;
				CLANG_WARN_RANGE_LOOP_ANALYSIS = YES;
				CLANG_WARN_STRICT_PROTOTYPES = YES;
				CLANG_WARN_SUSPICIOUS_MOVE = YES;
				CLANG_WARN_UNGUARDED_AVAILABILITY = YES_AGGRESSIVE;
				CLANG_WARN_UNREACHABLE_CODE = YES;
				CLANG_WARN__DUPLICATE_METHOD_MATCH = YES;
				COPY_PHASE_STRIP = NO;
				DEBUG_INFORMATION_FORMAT = "dwarf-with-dsym";
				ENABLE_NS_ASSERTIONS = NO;
				ENABLE_STRICT_OBJC_MSGSEND = YES;
				GCC_C_LANGUAGE_STANDARD = gnu11;
				GCC_NO_COMMON_BLOCKS = YES;
				GCC_WARN_64_TO_32_BIT_CONVERSION = YES;
				GCC_WARN_ABOUT_RETURN_TYPE = YES_ERROR;
				GCC_WARN_UNDECLARED_SELECTOR = YES;
				GCC_WARN_UNINITIALIZED_AUTOS = YES_AGGRESSIVE;
				GCC_WARN_UNUSED_FUNCTION = YES;
				GCC_WARN_UNUSED_VARIABLE = YES;
				MTL_ENABLE_DEBUG_INFO = NO;
				MTL_FAST_MATH = YES;
				SWIFT_COMPILATION_MODE = wholemodule;
				SWIFT_OPTIMIZATION_LEVEL = "-O";
			};
			name = Release;
		};
		FC11AF31275BC33600B4C0D2 /* Debug */ = {
			isa = XCBuildConfiguration;
			buildSettings = {
				ASSETCATALOG_COMPILER_APPICON_NAME = AppIcon;
				ASSETCATALOG_COMPILER_GLOBAL_ACCENT_COLOR_NAME = AccentColor;
				CODE_SIGN_STYLE = Automatic;
				CURRENT_PROJECT_VERSION = 6;
				DEVELOPMENT_TEAM = 79Y8HB3257;
				ENABLE_PREVIEWS = YES;
				GENERATE_INFOPLIST_FILE = YES;
				INFOPLIST_FILE = "QuizBox--iOS--Info.plist";
				INFOPLIST_KEY_UIApplicationSceneManifest_Generation = YES;
				INFOPLIST_KEY_UIApplicationSupportsIndirectInputEvents = YES;
				INFOPLIST_KEY_UILaunchScreen_Generation = YES;
				INFOPLIST_KEY_UISupportedInterfaceOrientations = UIInterfaceOrientationPortrait;
				INFOPLIST_KEY_UISupportedInterfaceOrientations_iPad = "UIInterfaceOrientationPortrait UIInterfaceOrientationPortraitUpsideDown UIInterfaceOrientationLandscapeLeft UIInterfaceOrientationLandscapeRight";
				INFOPLIST_KEY_UISupportedInterfaceOrientations_iPhone = "UIInterfaceOrientationPortrait UIInterfaceOrientationLandscapeLeft UIInterfaceOrientationLandscapeRight";
				IPHONEOS_DEPLOYMENT_TARGET = 15.0;
				LD_RUNPATH_SEARCH_PATHS = (
					"$(inherited)",
					"@executable_path/Frameworks",
				);
				MARKETING_VERSION = 1.0;
				PRODUCT_BUNDLE_IDENTIFIER = QuizBox.QuizBox;
				PRODUCT_NAME = QuizBox;
				SDKROOT = iphoneos;
				SWIFT_EMIT_LOC_STRINGS = YES;
				SWIFT_VERSION = 5.0;
				TARGETED_DEVICE_FAMILY = "1,2";
			};
			name = Debug;
		};
		FC11AF32275BC33600B4C0D2 /* Release */ = {
			isa = XCBuildConfiguration;
			buildSettings = {
				ASSETCATALOG_COMPILER_APPICON_NAME = AppIcon;
				ASSETCATALOG_COMPILER_GLOBAL_ACCENT_COLOR_NAME = AccentColor;
				CODE_SIGN_STYLE = Automatic;
				CURRENT_PROJECT_VERSION = 6;
				DEVELOPMENT_TEAM = 79Y8HB3257;
				ENABLE_PREVIEWS = YES;
				GENERATE_INFOPLIST_FILE = YES;
				INFOPLIST_FILE = "QuizBox--iOS--Info.plist";
				INFOPLIST_KEY_UIApplicationSceneManifest_Generation = YES;
				INFOPLIST_KEY_UIApplicationSupportsIndirectInputEvents = YES;
				INFOPLIST_KEY_UILaunchScreen_Generation = YES;
				INFOPLIST_KEY_UISupportedInterfaceOrientations = UIInterfaceOrientationPortrait;
				INFOPLIST_KEY_UISupportedInterfaceOrientations_iPad = "UIInterfaceOrientationPortrait UIInterfaceOrientationPortraitUpsideDown UIInterfaceOrientationLandscapeLeft UIInterfaceOrientationLandscapeRight";
				INFOPLIST_KEY_UISupportedInterfaceOrientations_iPhone = "UIInterfaceOrientationPortrait UIInterfaceOrientationLandscapeLeft UIInterfaceOrientationLandscapeRight";
				IPHONEOS_DEPLOYMENT_TARGET = 15.0;
				LD_RUNPATH_SEARCH_PATHS = (
					"$(inherited)",
					"@executable_path/Frameworks",
				);
				MARKETING_VERSION = 1.0;
				PRODUCT_BUNDLE_IDENTIFIER = QuizBox.QuizBox;
				PRODUCT_NAME = QuizBox;
				SDKROOT = iphoneos;
				SWIFT_EMIT_LOC_STRINGS = YES;
				SWIFT_VERSION = 5.0;
				TARGETED_DEVICE_FAMILY = "1,2";
				VALIDATE_PRODUCT = YES;
			};
			name = Release;
		};
		FC11AF34275BC33600B4C0D2 /* Debug */ = {
			isa = XCBuildConfiguration;
			buildSettings = {
				ASSETCATALOG_COMPILER_APPICON_NAME = AppIcon;
				ASSETCATALOG_COMPILER_GLOBAL_ACCENT_COLOR_NAME = AccentColor;
				CODE_SIGN_ENTITLEMENTS = macOS/macOS.entitlements;
				CODE_SIGN_STYLE = Automatic;
				COMBINE_HIDPI_IMAGES = YES;
				CURRENT_PROJECT_VERSION = 1;
				DEVELOPMENT_TEAM = JW8756Z8SZ;
				ENABLE_HARDENED_RUNTIME = YES;
				ENABLE_PREVIEWS = YES;
				GENERATE_INFOPLIST_FILE = YES;
				INFOPLIST_KEY_NSHumanReadableCopyright = "";
				LD_RUNPATH_SEARCH_PATHS = (
					"$(inherited)",
					"@executable_path/../Frameworks",
				);
				MACOSX_DEPLOYMENT_TARGET = 12.0;
				MARKETING_VERSION = 1.0;
				PRODUCT_BUNDLE_IDENTIFIER = QuizBox.QuizBox;
				PRODUCT_NAME = QuizBox;
				SDKROOT = macosx;
				SWIFT_EMIT_LOC_STRINGS = YES;
				SWIFT_VERSION = 5.0;
			};
			name = Debug;
		};
		FC11AF35275BC33600B4C0D2 /* Release */ = {
			isa = XCBuildConfiguration;
			buildSettings = {
				ASSETCATALOG_COMPILER_APPICON_NAME = AppIcon;
				ASSETCATALOG_COMPILER_GLOBAL_ACCENT_COLOR_NAME = AccentColor;
				CODE_SIGN_ENTITLEMENTS = macOS/macOS.entitlements;
				CODE_SIGN_STYLE = Automatic;
				COMBINE_HIDPI_IMAGES = YES;
				CURRENT_PROJECT_VERSION = 1;
				DEVELOPMENT_TEAM = JW8756Z8SZ;
				ENABLE_HARDENED_RUNTIME = YES;
				ENABLE_PREVIEWS = YES;
				GENERATE_INFOPLIST_FILE = YES;
				INFOPLIST_KEY_NSHumanReadableCopyright = "";
				LD_RUNPATH_SEARCH_PATHS = (
					"$(inherited)",
					"@executable_path/../Frameworks",
				);
				MACOSX_DEPLOYMENT_TARGET = 12.0;
				MARKETING_VERSION = 1.0;
				PRODUCT_BUNDLE_IDENTIFIER = QuizBox.QuizBox;
				PRODUCT_NAME = QuizBox;
				SDKROOT = macosx;
				SWIFT_EMIT_LOC_STRINGS = YES;
				SWIFT_VERSION = 5.0;
			};
			name = Release;
		};
/* End XCBuildConfiguration section */

/* Begin XCConfigurationList section */
		FC11AF16275BC33500B4C0D2 /* Build configuration list for PBXProject "QuizBox" */ = {
			isa = XCConfigurationList;
			buildConfigurations = (
				FC11AF2E275BC33600B4C0D2 /* Debug */,
				FC11AF2F275BC33600B4C0D2 /* Release */,
			);
			defaultConfigurationIsVisible = 0;
			defaultConfigurationName = Release;
		};
		FC11AF30275BC33600B4C0D2 /* Build configuration list for PBXNativeTarget "QuizBox (iOS)" */ = {
			isa = XCConfigurationList;
			buildConfigurations = (
				FC11AF31275BC33600B4C0D2 /* Debug */,
				FC11AF32275BC33600B4C0D2 /* Release */,
			);
			defaultConfigurationIsVisible = 0;
			defaultConfigurationName = Release;
		};
		FC11AF33275BC33600B4C0D2 /* Build configuration list for PBXNativeTarget "QuizBox (macOS)" */ = {
			isa = XCConfigurationList;
			buildConfigurations = (
				FC11AF34275BC33600B4C0D2 /* Debug */,
				FC11AF35275BC33600B4C0D2 /* Release */,
			);
			defaultConfigurationIsVisible = 0;
			defaultConfigurationName = Release;
		};
/* End XCConfigurationList section */

/* Begin XCRemoteSwiftPackageReference section */
		FC0E1EDE27C155B300A2EC79 /* XCRemoteSwiftPackageReference "GoogleSignIn-iOS" */ = {
			isa = XCRemoteSwiftPackageReference;
			repositoryURL = "https://github.com/google/GoogleSignIn-iOS";
			requirement = {
				kind = upToNextMajorVersion;
				minimumVersion = 6.0.0;
			};
		};
/* End XCRemoteSwiftPackageReference section */

/* Begin XCSwiftPackageProductDependency section */
		FC0E1EDF27C155B300A2EC79 /* GoogleSignIn */ = {
			isa = XCSwiftPackageProductDependency;
			package = FC0E1EDE27C155B300A2EC79 /* XCRemoteSwiftPackageReference "GoogleSignIn-iOS" */;
			productName = GoogleSignIn;
		};
/* End XCSwiftPackageProductDependency section */
	};
	rootObject = FC11AF13275BC33500B4C0D2 /* Project object */;
}
